// !$*UTF8*$!
{
	archiveVersion = 1;
	classes = {
	};
	objectVersion = 50;
	objects = {

/* Begin PBXBuildFile section */
		9C9F2F2521205C140042195F /* AppDelegate.swift in Sources */ = {isa = PBXBuildFile; fileRef = 9C9F2F2421205C140042195F /* AppDelegate.swift */; };
		9C9F2F2721205C140042195F /* ViewController.swift in Sources */ = {isa = PBXBuildFile; fileRef = 9C9F2F2621205C140042195F /* ViewController.swift */; };
		9C9F2F2A21205C140042195F /* Main.storyboard in Resources */ = {isa = PBXBuildFile; fileRef = 9C9F2F2821205C140042195F /* Main.storyboard */; };
		9C9F2F2C21205C170042195F /* Assets.xcassets in Resources */ = {isa = PBXBuildFile; fileRef = 9C9F2F2B21205C170042195F /* Assets.xcassets */; };
		9C9F2F2F21205C170042195F /* LaunchScreen.storyboard in Resources */ = {isa = PBXBuildFile; fileRef = 9C9F2F2D21205C170042195F /* LaunchScreen.storyboard */; };
		9C9F2F3821205C850042195F /* TwoDirectionCollectionView.swift in Sources */ = {isa = PBXBuildFile; fileRef = 9C9F2F3721205C850042195F /* TwoDirectionCollectionView.swift */; };
		9C9F2F3A21205CC70042195F /* TwoDirectionCollectionViewLayout.swift in Sources */ = {isa = PBXBuildFile; fileRef = 9C9F2F3921205CC70042195F /* TwoDirectionCollectionViewLayout.swift */; };
		9C9F2F3C212060880042195F /* CollectionViewDelegate.swift in Sources */ = {isa = PBXBuildFile; fileRef = 9C9F2F3B212060880042195F /* CollectionViewDelegate.swift */; };
/* End PBXBuildFile section */

/* Begin PBXFileReference section */
		9C9F2F2121205C140042195F /* TwoDirectionScrollDemo.app */ = {isa = PBXFileReference; explicitFileType = wrapper.application; includeInIndex = 0; path = TwoDirectionScrollDemo.app; sourceTree = BUILT_PRODUCTS_DIR; };
		9C9F2F2421205C140042195F /* AppDelegate.swift */ = {isa = PBXFileReference; lastKnownFileType = sourcecode.swift; path = AppDelegate.swift; sourceTree = "<group>"; };
		9C9F2F2621205C140042195F /* ViewController.swift */ = {isa = PBXFileReference; lastKnownFileType = sourcecode.swift; path = ViewController.swift; sourceTree = "<group>"; };
		9C9F2F2921205C140042195F /* Base */ = {isa = PBXFileReference; lastKnownFileType = file.storyboard; name = Base; path = Base.lproj/Main.storyboard; sourceTree = "<group>"; };
		9C9F2F2B21205C170042195F /* Assets.xcassets */ = {isa = PBXFileReference; lastKnownFileType = folder.assetcatalog; path = Assets.xcassets; sourceTree = "<group>"; };
		9C9F2F2E21205C170042195F /* Base */ = {isa = PBXFileReference; lastKnownFileType = file.storyboard; name = Base; path = Base.lproj/LaunchScreen.storyboard; sourceTree = "<group>"; };
		9C9F2F3021205C170042195F /* Info.plist */ = {isa = PBXFileReference; lastKnownFileType = text.plist.xml; path = Info.plist; sourceTree = "<group>"; };
		9C9F2F3721205C850042195F /* TwoDirectionCollectionView.swift */ = {isa = PBXFileReference; lastKnownFileType = sourcecode.swift; path = TwoDirectionCollectionView.swift; sourceTree = "<group>"; };
		9C9F2F3921205CC70042195F /* TwoDirectionCollectionViewLayout.swift */ = {isa = PBXFileReference; lastKnownFileType = sourcecode.swift; path = TwoDirectionCollectionViewLayout.swift; sourceTree = "<group>"; };
		9C9F2F3B212060880042195F /* CollectionViewDelegate.swift */ = {isa = PBXFileReference; lastKnownFileType = sourcecode.swift; path = CollectionViewDelegate.swift; sourceTree = "<group>"; };
/* End PBXFileReference section */

/* Begin PBXFrameworksBuildPhase section */
		9C9F2F1E21205C140042195F /* Frameworks */ = {
			isa = PBXFrameworksBuildPhase;
			buildActionMask = 2147483647;
			files = (
			);
			runOnlyForDeploymentPostprocessing = 0;
		};
/* End PBXFrameworksBuildPhase section */

/* Begin PBXGroup section */
		9C9F2F1821205C140042195F = {
			isa = PBXGroup;
			children = (
				9C9F2F3621205C420042195F /* CollectionView */,
				9C9F2F2321205C140042195F /* TwoDirectionScrollDemo */,
				9C9F2F2221205C140042195F /* Products */,
			);
			sourceTree = "<group>";
		};
		9C9F2F2221205C140042195F /* Products */ = {
			isa = PBXGroup;
			children = (
				9C9F2F2121205C140042195F /* TwoDirectionScrollDemo.app */,
			);
			name = Products;
			sourceTree = "<group>";
		};
		9C9F2F2321205C140042195F /* TwoDirectionScrollDemo */ = {
			isa = PBXGroup;
			children = (
				9C9F2F2421205C140042195F /* AppDelegate.swift */,
				9C9F2F2621205C140042195F /* ViewController.swift */,
				9C9F2F2821205C140042195F /* Main.storyboard */,
				9C9F2F2B21205C170042195F /* Assets.xcassets */,
				9C9F2F2D21205C170042195F /* LaunchScreen.storyboard */,
				9C9F2F3021205C170042195F /* Info.plist */,
			);
			path = TwoDirectionScrollDemo;
			sourceTree = "<group>";
		};
		9C9F2F3621205C420042195F /* CollectionView */ = {
			isa = PBXGroup;
			children = (
				9C9F2F3721205C850042195F /* TwoDirectionCollectionView.swift */,
				9C9F2F3921205CC70042195F /* TwoDirectionCollectionViewLayout.swift */,
				9C9F2F3B212060880042195F /* CollectionViewDelegate.swift */,
			);
			path = CollectionView;
			sourceTree = "<group>";
		};
/* End PBXGroup section */

/* Begin PBXNativeTarget section */
		9C9F2F2021205C140042195F /* TwoDirectionScrollDemo */ = {
			isa = PBXNativeTarget;
			buildConfigurationList = 9C9F2F3321205C170042195F /* Build configuration list for PBXNativeTarget "TwoDirectionScrollDemo" */;
			buildPhases = (
				9C9F2F1D21205C140042195F /* Sources */,
				9C9F2F1E21205C140042195F /* Frameworks */,
				9C9F2F1F21205C140042195F /* Resources */,
			);
			buildRules = (
			);
			dependencies = (
			);
			name = TwoDirectionScrollDemo;
			productName = TwoDirectionScrollDemo;
			productReference = 9C9F2F2121205C140042195F /* TwoDirectionScrollDemo.app */;
			productType = "com.apple.product-type.application";
		};
/* End PBXNativeTarget section */

/* Begin PBXProject section */
		9C9F2F1921205C140042195F /* Project object */ = {
			isa = PBXProject;
			attributes = {
				LastSwiftUpdateCheck = 0940;
				LastUpgradeCheck = 0940;
				ORGANIZATIONNAME = nickjiang;
				TargetAttributes = {
					9C9F2F2021205C140042195F = {
						CreatedOnToolsVersion = 9.4.1;
					};
				};
			};
			buildConfigurationList = 9C9F2F1C21205C140042195F /* Build configuration list for PBXProject "TwoDirectionScrollDemo" */;
			compatibilityVersion = "Xcode 9.3";
			developmentRegion = en;
			hasScannedForEncodings = 0;
			knownRegions = (
				en,
				Base,
			);
			mainGroup = 9C9F2F1821205C140042195F;
			productRefGroup = 9C9F2F2221205C140042195F /* Products */;
			projectDirPath = "";
			projectRoot = "";
			targets = (
				9C9F2F2021205C140042195F /* TwoDirectionScrollDemo */,
			);
		};
/* End PBXProject section */

/* Begin PBXResourcesBuildPhase section */
		9C9F2F1F21205C140042195F /* Resources */ = {
			isa = PBXResourcesBuildPhase;
			buildActionMask = 2147483647;
			files = (
				9C9F2F2F21205C170042195F /* LaunchScreen.storyboard in Resources */,
				9C9F2F2C21205C170042195F /* Assets.xcassets in Resources */,
				9C9F2F2A21205C140042195F /* Main.storyboard in Resources */,
			);
			runOnlyForDeploymentPostprocessing = 0;
		};
/* End PBXResourcesBuildPhase section */

/* Begin PBXSourcesBuildPhase section */
		9C9F2F1D21205C140042195F /* Sources */ = {
			isa = PBXSourcesBuildPhase;
			buildActionMask = 2147483647;
			files = (
				9C9F2F3821205C850042195F /* TwoDirectionCollectionView.swift in Sources */,
				9C9F2F3A21205CC70042195F /* TwoDirectionCollectionViewLayout.swift in Sources */,
				9C9F2F3C212060880042195F /* CollectionViewDelegate.swift in Sources */,
				9C9F2F2721205C140042195F /* ViewController.swift in Sources */,
				9C9F2F2521205C140042195F /* AppDelegate.swift in Sources */,
			);
			runOnlyForDeploymentPostprocessing = 0;
		};
/* End PBXSourcesBuildPhase section */

/* Begin PBXVariantGroup section */
		9C9F2F2821205C140042195F /* Main.storyboard */ = {
			isa = PBXVariantGroup;
			children = (
				9C9F2F2921205C140042195F /* Base */,
			);
			name = Main.storyboard;
			sourceTree = "<group>";
		};
		9C9F2F2D21205C170042195F /* LaunchScreen.storyboard */ = {
			isa = PBXVariantGroup;
			children = (
				9C9F2F2E21205C170042195F /* Base */,
			);
			name = LaunchScreen.storyboard;
			sourceTree = "<group>";
		};
/* End PBXVariantGroup section */

/* Begin XCBuildConfiguration section */
		9C9F2F3121205C170042195F /* Debug */ = {
			isa = XCBuildConfiguration;
			buildSettings = {
				ALWAYS_SEARCH_USER_PATHS = NO;
				CLANG_ANALYZER_NONNULL = YES;
				CLANG_ANALYZER_NUMBER_OBJECT_CONVERSION = YES_AGGRESSIVE;
				CLANG_CXX_LANGUAGE_STANDARD = "gnu++14";
				CLANG_CXX_LIBRARY = "libc++";
				CLANG_ENABLE_MODULES = YES;
				CLANG_ENABLE_OBJC_ARC = YES;
				CLANG_ENABLE_OBJC_WEAK = YES;
				CLANG_WARN_BLOCK_CAPTURE_AUTORELEASING = YES;
				CLANG_WARN_BOOL_CONVERSION = YES;
				CLANG_WARN_COMMA = YES;
				CLANG_WARN_CONSTANT_CONVERSION = YES;
				CLANG_WARN_DEPRECATED_OBJC_IMPLEMENTATIONS = YES;
				CLANG_WARN_DIRECT_OBJC_ISA_USAGE = YES_ERROR;
				CLANG_WARN_DOCUMENTATION_COMMENTS = YES;
				CLANG_WARN_EMPTY_BODY = YES;
				CLANG_WARN_ENUM_CONVERSION = YES;
				CLANG_WARN_INFINITE_RECURSION = YES;
				CLANG_WARN_INT_CONVERSION = YES;
				CLANG_WARN_NON_LITERAL_NULL_CONVERSION = YES;
				CLANG_WARN_OBJC_IMPLICIT_RETAIN_SELF = YES;
				CLANG_WARN_OBJC_LITERAL_CONVERSION = YES;
				CLANG_WARN_OBJC_ROOT_CLASS = YES_ERROR;
				CLANG_WARN_RANGE_LOOP_ANALYSIS = YES;
				CLANG_WARN_STRICT_PROTOTYPES = YES;
				CLANG_WARN_SUSPICIOUS_MOVE = YES;
				CLANG_WARN_UNGUARDED_AVAILABILITY = YES_AGGRESSIVE;
				CLANG_WARN_UNREACHABLE_CODE = YES;
				CLANG_WARN__DUPLICATE_METHOD_MATCH = YES;
				CODE_SIGN_IDENTITY = "iPhone Developer";
				COPY_PHASE_STRIP = NO;
				DEBUG_INFORMATION_FORMAT = dwarf;
				ENABLE_STRICT_OBJC_MSGSEND = YES;
				ENABLE_TESTABILITY = YES;
				GCC_C_LANGUAGE_STANDARD = gnu11;
				GCC_DYNAMIC_NO_PIC = NO;
				GCC_NO_COMMON_BLOCKS = YES;
				GCC_OPTIMIZATION_LEVEL = 0;
				GCC_PREPROCESSOR_DEFINITIONS = (
					"DEBUG=1",
					"$(inherited)",
				);
				GCC_WARN_64_TO_32_BIT_CONVERSION = YES;
				GCC_WARN_ABOUT_RETURN_TYPE = YES_ERROR;
				GCC_WARN_UNDECLARED_SELECTOR = YES;
				GCC_WARN_UNINITIALIZED_AUTOS = YES_AGGRESSIVE;
				GCC_WARN_UNUSED_FUNCTION = YES;
				GCC_WARN_UNUSED_VARIABLE = YES;
				IPHONEOS_DEPLOYMENT_TARGET = 11.4;
				MTL_ENABLE_DEBUG_INFO = YES;
				ONLY_ACTIVE_ARCH = YES;
				SDKROOT = iphoneos;
				SWIFT_ACTIVE_COMPILATION_CONDITIONS = DEBUG;
				SWIFT_OPTIMIZATION_LEVEL = "-Onone";
			};
			name = Debug;
		};
		9C9F2F3221205C170042195F /* Release */ = {
			isa = XCBuildConfiguration;
			buildSettings = {
				ALWAYS_SEARCH_USER_PATHS = NO;
				CLANG_ANALYZER_NONNULL = YES;
				CLANG_ANALYZER_NUMBER_OBJECT_CONVERSION = YES_AGGRESSIVE;
				CLANG_CXX_LANGUAGE_STANDARD = "gnu++14";
				CLANG_CXX_LIBRARY = "libc++";
				CLANG_ENABLE_MODULES = YES;
				CLANG_ENABLE_OBJC_ARC = YES;
				CLANG_ENABLE_OBJC_WEAK = YES;
				CLANG_WARN_BLOCK_CAPTURE_AUTORELEASING = YES;
				CLANG_WARN_BOOL_CONVERSION = YES;
				CLANG_WARN_COMMA = YES;
				CLANG_WARN_CONSTANT_CONVERSION = YES;
				CLANG_WARN_DEPRECATED_OBJC_IMPLEMENTATIONS = YES;
				CLANG_WARN_DIRECT_OBJC_ISA_USAGE = YES_ERROR;
				CLANG_WARN_DOCUMENTATION_COMMENTS = YES;
				CLANG_WARN_EMPTY_BODY = YES;
				CLANG_WARN_ENUM_CONVERSION = YES;
				CLANG_WARN_INFINITE_RECURSION = YES;
				CLANG_WARN_INT_CONVERSION = YES;
				CLANG_WARN_NON_LITERAL_NULL_CONVERSION = YES;
				CLANG_WARN_OBJC_IMPLICIT_RETAIN_SELF = YES;
				CLANG_WARN_OBJC_LITERAL_CONVERSION = YES;
				CLANG_WARN_OBJC_ROOT_CLASS = YES_ERROR;
				CLANG_WARN_RANGE_LOOP_ANALYSIS = YES;
				CLANG_WARN_STRICT_PROTOTYPES = YES;
				CLANG_WARN_SUSPICIOUS_MOVE = YES;
				CLANG_WARN_UNGUARDED_AVAILABILITY = YES_AGGRESSIVE;
				CLANG_WARN_UNREACHABLE_CODE = YES;
				CLANG_WARN__DUPLICATE_METHOD_MATCH = YES;
				CODE_SIGN_IDENTITY = "iPhone Developer";
				COPY_PHASE_STRIP = NO;
				DEBUG_INFORMATION_FORMAT = "dwarf-with-dsym";
				ENABLE_NS_ASSERTIONS = NO;
				ENABLE_STRICT_OBJC_MSGSEND = YES;
				GCC_C_LANGUAGE_STANDARD = gnu11;
				GCC_NO_COMMON_BLOCKS = YES;
				GCC_WARN_64_TO_32_BIT_CONVERSION = YES;
				GCC_WARN_ABOUT_RETURN_TYPE = YES_ERROR;
				GCC_WARN_UNDECLARED_SELECTOR = YES;
				GCC_WARN_UNINITIALIZED_AUTOS = YES_AGGRESSIVE;
				GCC_WARN_UNUSED_FUNCTION = YES;
				GCC_WARN_UNUSED_VARIABLE = YES;
				IPHONEOS_DEPLOYMENT_TARGET = 11.4;
				MTL_ENABLE_DEBUG_INFO = NO;
				SDKROOT = iphoneos;
				SWIFT_COMPILATION_MODE = wholemodule;
				SWIFT_OPTIMIZATION_LEVEL = "-O";
				VALIDATE_PRODUCT = YES;
			};
			name = Release;
		};
		9C9F2F3421205C170042195F /* Debug */ = {
			isa = XCBuildConfiguration;
			buildSettings = {
				ASSETCATALOG_COMPILER_APPICON_NAME = AppIcon;
				CODE_SIGN_STYLE = Automatic;
				INFOPLIST_FILE = TwoDirectionScrollDemo/Info.plist;
				LD_RUNPATH_SEARCH_PATHS = (
					"$(inherited)",
					"@executable_path/Frameworks",
				);
				PRODUCT_BUNDLE_IDENTIFIER = nickjiang.TwoDirectionScrollDemo;
				PRODUCT_NAME = "$(TARGET_NAME)";
				SWIFT_VERSION = 4.0;
				TARGETED_DEVICE_FAMILY = "1,2";
			};
			name = Debug;
		};
		9C9F2F3521205C170042195F /* Release */ = {
			isa = XCBuildConfiguration;
			buildSettings = {
				ASSETCATALOG_COMPILER_APPICON_NAME = AppIcon;
				CODE_SIGN_STYLE = Automatic;
				INFOPLIST_FILE = TwoDirectionScrollDemo/Info.plist;
				LD_RUNPATH_SEARCH_PATHS = (
					"$(inherited)",
					"@executable_path/Frameworks",
				);
				PRODUCT_BUNDLE_IDENTIFIER = nickjiang.TwoDirectionScrollDemo;
				PRODUCT_NAME = "$(TARGET_NAME)";
				SWIFT_VERSION = 4.0;
				TARGETED_DEVICE_FAMILY = "1,2";
			};
			name = Release;
		};
/* End XCBuildConfiguration section */

/* Begin XCConfigurationList section */
		9C9F2F1C21205C140042195F /* Build configuration list for PBXProject "TwoDirectionScrollDemo" */ = {
			isa = XCConfigurationList;
			buildConfigurations = (
				9C9F2F3121205C170042195F /* Debug */,
				9C9F2F3221205C170042195F /* Release */,
			);
			defaultConfigurationIsVisible = 0;
			defaultConfigurationName = Release;
		};
		9C9F2F3321205C170042195F /* Build configuration list for PBXNativeTarget "TwoDirectionScrollDemo" */ = {
			isa = XCConfigurationList;
			buildConfigurations = (
				9C9F2F3421205C170042195F /* Debug */,
				9C9F2F3521205C170042195F /* Release */,
			);
			defaultConfigurationIsVisible = 0;
			defaultConfigurationName = Release;
		};
/* End XCConfigurationList section */
	};
	rootObject = 9C9F2F1921205C140042195F /* Project object */;
}
